
Microsoft Visual Studio Solution File, Format Version 12.00
# Visual Studio Version 17
VisualStudioVersion = 17.14.36616.10 d17.14
MinimumVisualStudioVersion = 10.0.40219.1
Project("{FAE04EC0-301F-11D3-BF4B-00C04F79EFBC}") = "Salon_Api", "Salon_Api\Salon_Api.csproj", "{C13011BF-B764-4383-8B9E-FE45BC8CE6D0}"
EndProject
Global
	GlobalSection(SolutionConfigurationPlatforms) = preSolution
		Debug|Any CPU = Debug|Any CPU
		Release|Any CPU = Release|Any CPU
	EndGlobalSection
	GlobalSection(ProjectConfigurationPlatforms) = postSolution
		{C13011BF-B764-4383-8B9E-FE45BC8CE6D0}.Debug|Any CPU.ActiveCfg = Debug|Any CPU
		{C13011BF-B764-4383-8B9E-FE45BC8CE6D0}.Debug|Any CPU.Build.0 = Debug|Any CPU
		{C13011BF-B764-4383-8B9E-FE45BC8CE6D0}.Release|Any CPU.ActiveCfg = Release|Any CPU
		{C13011BF-B764-4383-8B9E-FE45BC8CE6D0}.Release|Any CPU.Build.0 = Release|Any CPU
	EndGlobalSection
	GlobalSection(SolutionProperties) = preSolution
		HideSolutionNode = FALSE
	EndGlobalSection
	GlobalSection(ExtensibilityGlobals) = postSolution
		SolutionGuid = {0D18A1E5-E63D-410D-A384-C307518AC36F}
	EndGlobalSection
EndGlobal
